// !$*UTF8*$!
{
	archiveVersion = 1;
	classes = {
	};
	objectVersion = 50;
	objects = {

/* Begin PBXBuildFile section */
		5E5100062220229B00306DBD /* AppDelegate.swift in Sources */ = {isa = PBXBuildFile; fileRef = 5E5100052220229B00306DBD /* AppDelegate.swift */; };
		5E5100082220229B00306DBD /* ViewController.swift in Sources */ = {isa = PBXBuildFile; fileRef = 5E5100072220229B00306DBD /* ViewController.swift */; };
		5E51000B2220229B00306DBD /* Main.storyboard in Resources */ = {isa = PBXBuildFile; fileRef = 5E5100092220229B00306DBD /* Main.storyboard */; };
		5E51000D222022A100306DBD /* Assets.xcassets in Resources */ = {isa = PBXBuildFile; fileRef = 5E51000C222022A100306DBD /* Assets.xcassets */; };
		5E510010222022A100306DBD /* LaunchScreen.storyboard in Resources */ = {isa = PBXBuildFile; fileRef = 5E51000E222022A100306DBD /* LaunchScreen.storyboard */; };
		5E51001B222022A100306DBD /* LoginViewTests.swift in Sources */ = {isa = PBXBuildFile; fileRef = 5E51001A222022A100306DBD /* LoginViewTests.swift */; };
		5E51002A222022F200306DBD /* LoginPresenter.swift in Sources */ = {isa = PBXBuildFile; fileRef = 5E510029222022F200306DBD /* LoginPresenter.swift */; };
		5E51002C222022FA00306DBD /* LoginViewController.swift in Sources */ = {isa = PBXBuildFile; fileRef = 5E51002B222022FA00306DBD /* LoginViewController.swift */; };
		5E51002E22202E0D00306DBD /* LoginInteractor.swift in Sources */ = {isa = PBXBuildFile; fileRef = 5E51002D22202E0D00306DBD /* LoginInteractor.swift */; };
		5E51003022202E3400306DBD /* LoginRouter.swift in Sources */ = {isa = PBXBuildFile; fileRef = 5E51002F22202E3400306DBD /* LoginRouter.swift */; };
		5E51003222202E4300306DBD /* LoginConfigurator.swift in Sources */ = {isa = PBXBuildFile; fileRef = 5E51003122202E4300306DBD /* LoginConfigurator.swift */; };
		5E51003422202E4E00306DBD /* LoginProtocols.swift in Sources */ = {isa = PBXBuildFile; fileRef = 5E51003322202E4E00306DBD /* LoginProtocols.swift */; };
		5E5100932222D80000306DBD /* Webservice.swift in Sources */ = {isa = PBXBuildFile; fileRef = 5E5100922222D80000306DBD /* Webservice.swift */; };
		5E5100952223D82B00306DBD /* WebError.swift in Sources */ = {isa = PBXBuildFile; fileRef = 5E5100942223D82B00306DBD /* WebError.swift */; };
		5E5100982223E86A00306DBD /* UIViewController.swift in Sources */ = {isa = PBXBuildFile; fileRef = 5E5100972223E86A00306DBD /* UIViewController.swift */; };
		5E51009B2223EC2300306DBD /* UIColor.swift in Sources */ = {isa = PBXBuildFile; fileRef = 5E51009A2223EC2300306DBD /* UIColor.swift */; };
/* End PBXBuildFile section */

/* Begin PBXContainerItemProxy section */
		5E510017222022A100306DBD /* PBXContainerItemProxy */ = {
			isa = PBXContainerItemProxy;
			containerPortal = 5E51FFFA2220229B00306DBD /* Project object */;
			proxyType = 1;
			remoteGlobalIDString = 5E5100012220229B00306DBD;
			remoteInfo = LoginView;
		};
/* End PBXContainerItemProxy section */

/* Begin PBXFileReference section */
		5E5100022220229B00306DBD /* LoginView.app */ = {isa = PBXFileReference; explicitFileType = wrapper.application; includeInIndex = 0; path = LoginView.app; sourceTree = BUILT_PRODUCTS_DIR; };
		5E5100052220229B00306DBD /* AppDelegate.swift */ = {isa = PBXFileReference; lastKnownFileType = sourcecode.swift; path = AppDelegate.swift; sourceTree = "<group>"; };
		5E5100072220229B00306DBD /* ViewController.swift */ = {isa = PBXFileReference; lastKnownFileType = sourcecode.swift; path = ViewController.swift; sourceTree = "<group>"; };
		5E51000A2220229B00306DBD /* Base */ = {isa = PBXFileReference; lastKnownFileType = file.storyboard; name = Base; path = Base.lproj/Main.storyboard; sourceTree = "<group>"; };
		5E51000C222022A100306DBD /* Assets.xcassets */ = {isa = PBXFileReference; lastKnownFileType = folder.assetcatalog; path = Assets.xcassets; sourceTree = "<group>"; };
		5E51000F222022A100306DBD /* Base */ = {isa = PBXFileReference; lastKnownFileType = file.storyboard; name = Base; path = Base.lproj/LaunchScreen.storyboard; sourceTree = "<group>"; };
		5E510011222022A100306DBD /* Info.plist */ = {isa = PBXFileReference; lastKnownFileType = text.plist.xml; path = Info.plist; sourceTree = "<group>"; };
		5E510016222022A100306DBD /* LoginViewTests.xctest */ = {isa = PBXFileReference; explicitFileType = wrapper.cfbundle; includeInIndex = 0; path = LoginViewTests.xctest; sourceTree = BUILT_PRODUCTS_DIR; };
		5E51001A222022A100306DBD /* LoginViewTests.swift */ = {isa = PBXFileReference; lastKnownFileType = sourcecode.swift; path = LoginViewTests.swift; sourceTree = "<group>"; };
		5E51001C222022A200306DBD /* Info.plist */ = {isa = PBXFileReference; lastKnownFileType = text.plist.xml; path = Info.plist; sourceTree = "<group>"; };
		5E510029222022F200306DBD /* LoginPresenter.swift */ = {isa = PBXFileReference; lastKnownFileType = sourcecode.swift; path = LoginPresenter.swift; sourceTree = "<group>"; };
		5E51002B222022FA00306DBD /* LoginViewController.swift */ = {isa = PBXFileReference; lastKnownFileType = sourcecode.swift; path = LoginViewController.swift; sourceTree = "<group>"; };
		5E51002D22202E0D00306DBD /* LoginInteractor.swift */ = {isa = PBXFileReference; lastKnownFileType = sourcecode.swift; path = LoginInteractor.swift; sourceTree = "<group>"; };
		5E51002F22202E3400306DBD /* LoginRouter.swift */ = {isa = PBXFileReference; lastKnownFileType = sourcecode.swift; path = LoginRouter.swift; sourceTree = "<group>"; };
		5E51003122202E4300306DBD /* LoginConfigurator.swift */ = {isa = PBXFileReference; lastKnownFileType = sourcecode.swift; path = LoginConfigurator.swift; sourceTree = "<group>"; };
		5E51003322202E4E00306DBD /* LoginProtocols.swift */ = {isa = PBXFileReference; lastKnownFileType = sourcecode.swift; path = LoginProtocols.swift; sourceTree = "<group>"; };
		5E5100922222D80000306DBD /* Webservice.swift */ = {isa = PBXFileReference; lastKnownFileType = sourcecode.swift; path = Webservice.swift; sourceTree = "<group>"; };
		5E5100942223D82B00306DBD /* WebError.swift */ = {isa = PBXFileReference; lastKnownFileType = sourcecode.swift; path = WebError.swift; sourceTree = "<group>"; };
		5E5100972223E86A00306DBD /* UIViewController.swift */ = {isa = PBXFileReference; lastKnownFileType = sourcecode.swift; path = UIViewController.swift; sourceTree = "<group>"; };
		5E51009A2223EC2300306DBD /* UIColor.swift */ = {isa = PBXFileReference; lastKnownFileType = sourcecode.swift; path = UIColor.swift; sourceTree = "<group>"; };
/* End PBXFileReference section */

/* Begin PBXFrameworksBuildPhase section */
		5E510013222022A100306DBD /* Frameworks */ = {
			isa = PBXFrameworksBuildPhase;
			buildActionMask = 2147483647;
			files = (
			);
			runOnlyForDeploymentPostprocessing = 0;
		};
		5E51FFFF2220229B00306DBD /* Frameworks */ = {
			isa = PBXFrameworksBuildPhase;
			buildActionMask = 2147483647;
			files = (
			);
			runOnlyForDeploymentPostprocessing = 0;
		};
/* End PBXFrameworksBuildPhase section */

/* Begin PBXGroup section */
		5E5100032220229B00306DBD /* Products */ = {
			isa = PBXGroup;
			children = (
				5E5100022220229B00306DBD /* LoginView.app */,
				5E510016222022A100306DBD /* LoginViewTests.xctest */,
			);
			name = Products;
			sourceTree = "<group>";
		};
		5E5100042220229B00306DBD /* LoginView */ = {
			isa = PBXGroup;
			children = (
				5E5100962223E2BB00306DBD /* Extensions */,
				5E5100912222D7BD00306DBD /* WebServices */,
				5E510027222022D900306DBD /* Scenes */,
				5E510011222022A100306DBD /* Info.plist */,
				5E5100052220229B00306DBD /* AppDelegate.swift */,
				5E5100072220229B00306DBD /* ViewController.swift */,
				5E5100092220229B00306DBD /* Main.storyboard */,
				5E510025222022B300306DBD /* Resources */,
			);
			path = LoginView;
			sourceTree = "<group>";
		};
		5E510019222022A100306DBD /* LoginViewTests */ = {
			isa = PBXGroup;
			children = (
				5E51001A222022A100306DBD /* LoginViewTests.swift */,
				5E51001C222022A200306DBD /* Info.plist */,
			);
			path = LoginViewTests;
			sourceTree = "<group>";
		};
		5E510025222022B300306DBD /* Resources */ = {
			isa = PBXGroup;
			children = (
				5E51000E222022A100306DBD /* LaunchScreen.storyboard */,
				5E51000C222022A100306DBD /* Assets.xcassets */,
			);
			name = Resources;
			sourceTree = "<group>";
		};
		5E510027222022D900306DBD /* Scenes */ = {
			isa = PBXGroup;
			children = (
				5E510028222022E100306DBD /* Login */,
			);
			path = Scenes;
			sourceTree = "<group>";
		};
		5E510028222022E100306DBD /* Login */ = {
			isa = PBXGroup;
			children = (
				5E51003322202E4E00306DBD /* LoginProtocols.swift */,
				5E51003122202E4300306DBD /* LoginConfigurator.swift */,
				5E51002F22202E3400306DBD /* LoginRouter.swift */,
				5E51002D22202E0D00306DBD /* LoginInteractor.swift */,
				5E510029222022F200306DBD /* LoginPresenter.swift */,
				5E51002B222022FA00306DBD /* LoginViewController.swift */,
			);
			path = Login;
			sourceTree = "<group>";
		};
		5E5100912222D7BD00306DBD /* WebServices */ = {
			isa = PBXGroup;
			children = (
				5E5100922222D80000306DBD /* Webservice.swift */,
				5E5100942223D82B00306DBD /* WebError.swift */,
			);
			path = WebServices;
			sourceTree = "<group>";
		};
		5E5100962223E2BB00306DBD /* Extensions */ = {
			isa = PBXGroup;
			children = (
				5E5100972223E86A00306DBD /* UIViewController.swift */,
				5E51009A2223EC2300306DBD /* UIColor.swift */,
			);
			path = Extensions;
			sourceTree = "<group>";
		};
		5E51FFF92220229B00306DBD = {
			isa = PBXGroup;
			children = (
				5E5100042220229B00306DBD /* LoginView */,
				5E510019222022A100306DBD /* LoginViewTests */,
				5E5100032220229B00306DBD /* Products */,
			);
			sourceTree = "<group>";
		};
/* End PBXGroup section */

/* Begin PBXNativeTarget section */
		5E5100012220229B00306DBD /* LoginView */ = {
			isa = PBXNativeTarget;
			buildConfigurationList = 5E51001F222022A200306DBD /* Build configuration list for PBXNativeTarget "LoginView" */;
			buildPhases = (
				5E51FFFE2220229B00306DBD /* Sources */,
				5E51FFFF2220229B00306DBD /* Frameworks */,
				5E5100002220229B00306DBD /* Resources */,
			);
			buildRules = (
			);
			dependencies = (
			);
			name = LoginView;
			productName = LoginView;
			productReference = 5E5100022220229B00306DBD /* LoginView.app */;
			productType = "com.apple.product-type.application";
		};
		5E510015222022A100306DBD /* LoginViewTests */ = {
			isa = PBXNativeTarget;
			buildConfigurationList = 5E510022222022A200306DBD /* Build configuration list for PBXNativeTarget "LoginViewTests" */;
			buildPhases = (
				5E510012222022A100306DBD /* Sources */,
				5E510013222022A100306DBD /* Frameworks */,
				5E510014222022A100306DBD /* Resources */,
			);
			buildRules = (
			);
			dependencies = (
				5E510018222022A100306DBD /* PBXTargetDependency */,
			);
			name = LoginViewTests;
			productName = LoginViewTests;
			productReference = 5E510016222022A100306DBD /* LoginViewTests.xctest */;
			productType = "com.apple.product-type.bundle.unit-test";
		};
/* End PBXNativeTarget section */

/* Begin PBXProject section */
		5E51FFFA2220229B00306DBD /* Project object */ = {
			isa = PBXProject;
			attributes = {
				LastSwiftUpdateCheck = 1010;
				LastUpgradeCheck = 1010;
				ORGANIZATIONNAME = "Sylvan Ash";
				TargetAttributes = {
					5E5100012220229B00306DBD = {
						CreatedOnToolsVersion = 10.1;
					};
					5E510015222022A100306DBD = {
						CreatedOnToolsVersion = 10.1;
						TestTargetID = 5E5100012220229B00306DBD;
					};
				};
			};
			buildConfigurationList = 5E51FFFD2220229B00306DBD /* Build configuration list for PBXProject "LoginView" */;
			compatibilityVersion = "Xcode 9.3";
			developmentRegion = en;
			hasScannedForEncodings = 0;
			knownRegions = (
				en,
				Base,
			);
			mainGroup = 5E51FFF92220229B00306DBD;
			productRefGroup = 5E5100032220229B00306DBD /* Products */;
			projectDirPath = "";
			projectRoot = "";
			targets = (
				5E5100012220229B00306DBD /* LoginView */,
				5E510015222022A100306DBD /* LoginViewTests */,
			);
		};
/* End PBXProject section */

/* Begin PBXResourcesBuildPhase section */
		5E5100002220229B00306DBD /* Resources */ = {
			isa = PBXResourcesBuildPhase;
			buildActionMask = 2147483647;
			files = (
				5E510010222022A100306DBD /* LaunchScreen.storyboard in Resources */,
				5E51000D222022A100306DBD /* Assets.xcassets in Resources */,
				5E51000B2220229B00306DBD /* Main.storyboard in Resources */,
			);
			runOnlyForDeploymentPostprocessing = 0;
		};
		5E510014222022A100306DBD /* Resources */ = {
			isa = PBXResourcesBuildPhase;
			buildActionMask = 2147483647;
			files = (
			);
			runOnlyForDeploymentPostprocessing = 0;
		};
/* End PBXResourcesBuildPhase section */

/* Begin PBXSourcesBuildPhase section */
		5E510012222022A100306DBD /* Sources */ = {
			isa = PBXSourcesBuildPhase;
			buildActionMask = 2147483647;
			files = (
				5E51001B222022A100306DBD /* LoginViewTests.swift in Sources */,
			);
			runOnlyForDeploymentPostprocessing = 0;
		};
		5E51FFFE2220229B00306DBD /* Sources */ = {
			isa = PBXSourcesBuildPhase;
			buildActionMask = 2147483647;
			files = (
				5E51003222202E4300306DBD /* LoginConfigurator.swift in Sources */,
				5E51009B2223EC2300306DBD /* UIColor.swift in Sources */,
				5E5100952223D82B00306DBD /* WebError.swift in Sources */,
				5E51002C222022FA00306DBD /* LoginViewController.swift in Sources */,
				5E5100982223E86A00306DBD /* UIViewController.swift in Sources */,
				5E51002A222022F200306DBD /* LoginPresenter.swift in Sources */,
				5E51003022202E3400306DBD /* LoginRouter.swift in Sources */,
				5E5100082220229B00306DBD /* ViewController.swift in Sources */,
				5E51003422202E4E00306DBD /* LoginProtocols.swift in Sources */,
				5E51002E22202E0D00306DBD /* LoginInteractor.swift in Sources */,
				5E5100062220229B00306DBD /* AppDelegate.swift in Sources */,
				5E5100932222D80000306DBD /* Webservice.swift in Sources */,
			);
			runOnlyForDeploymentPostprocessing = 0;
		};
/* End PBXSourcesBuildPhase section */

/* Begin PBXTargetDependency section */
		5E510018222022A100306DBD /* PBXTargetDependency */ = {
			isa = PBXTargetDependency;
			target = 5E5100012220229B00306DBD /* LoginView */;
			targetProxy = 5E510017222022A100306DBD /* PBXContainerItemProxy */;
		};
/* End PBXTargetDependency section */

/* Begin PBXVariantGroup section */
		5E5100092220229B00306DBD /* Main.storyboard */ = {
			isa = PBXVariantGroup;
			children = (
				5E51000A2220229B00306DBD /* Base */,
			);
			name = Main.storyboard;
			sourceTree = "<group>";
		};
		5E51000E222022A100306DBD /* LaunchScreen.storyboard */ = {
			isa = PBXVariantGroup;
			children = (
				5E51000F222022A100306DBD /* Base */,
			);
			name = LaunchScreen.storyboard;
			sourceTree = "<group>";
		};
/* End PBXVariantGroup section */

/* Begin XCBuildConfiguration section */
		5E51001D222022A200306DBD /* Debug */ = {
			isa = XCBuildConfiguration;
			buildSettings = {
				ALWAYS_SEARCH_USER_PATHS = NO;
				CLANG_ANALYZER_NONNULL = YES;
				CLANG_ANALYZER_NUMBER_OBJECT_CONVERSION = YES_AGGRESSIVE;
				CLANG_CXX_LANGUAGE_STANDARD = "gnu++14";
				CLANG_CXX_LIBRARY = "libc++";
				CLANG_ENABLE_MODULES = YES;
				CLANG_ENABLE_OBJC_ARC = YES;
				CLANG_ENABLE_OBJC_WEAK = YES;
				CLANG_WARN_BLOCK_CAPTURE_AUTORELEASING = YES;
				CLANG_WARN_BOOL_CONVERSION = YES;
				CLANG_WARN_COMMA = YES;
				CLANG_WARN_CONSTANT_CONVERSION = YES;
				CLANG_WARN_DEPRECATED_OBJC_IMPLEMENTATIONS = YES;
				CLANG_WARN_DIRECT_OBJC_ISA_USAGE = YES_ERROR;
				CLANG_WARN_DOCUMENTATION_COMMENTS = YES;
				CLANG_WARN_EMPTY_BODY = YES;
				CLANG_WARN_ENUM_CONVERSION = YES;
				CLANG_WARN_INFINITE_RECURSION = YES;
				CLANG_WARN_INT_CONVERSION = YES;
				CLANG_WARN_NON_LITERAL_NULL_CONVERSION = YES;
				CLANG_WARN_OBJC_IMPLICIT_RETAIN_SELF = YES;
				CLANG_WARN_OBJC_LITERAL_CONVERSION = YES;
				CLANG_WARN_OBJC_ROOT_CLASS = YES_ERROR;
				CLANG_WARN_RANGE_LOOP_ANALYSIS = YES;
				CLANG_WARN_STRICT_PROTOTYPES = YES;
				CLANG_WARN_SUSPICIOUS_MOVE = YES;
				CLANG_WARN_UNGUARDED_AVAILABILITY = YES_AGGRESSIVE;
				CLANG_WARN_UNREACHABLE_CODE = YES;
				CLANG_WARN__DUPLICATE_METHOD_MATCH = YES;
				CODE_SIGN_IDENTITY = "iPhone Developer";
				COPY_PHASE_STRIP = NO;
				DEBUG_INFORMATION_FORMAT = dwarf;
				ENABLE_STRICT_OBJC_MSGSEND = YES;
				ENABLE_TESTABILITY = YES;
				GCC_C_LANGUAGE_STANDARD = gnu11;
				GCC_DYNAMIC_NO_PIC = NO;
				GCC_NO_COMMON_BLOCKS = YES;
				GCC_OPTIMIZATION_LEVEL = 0;
				GCC_PREPROCESSOR_DEFINITIONS = (
					"DEBUG=1",
					"$(inherited)",
				);
				GCC_WARN_64_TO_32_BIT_CONVERSION = YES;
				GCC_WARN_ABOUT_RETURN_TYPE = YES_ERROR;
				GCC_WARN_UNDECLARED_SELECTOR = YES;
				GCC_WARN_UNINITIALIZED_AUTOS = YES_AGGRESSIVE;
				GCC_WARN_UNUSED_FUNCTION = YES;
				GCC_WARN_UNUSED_VARIABLE = YES;
				IPHONEOS_DEPLOYMENT_TARGET = 12.1;
				MTL_ENABLE_DEBUG_INFO = INCLUDE_SOURCE;
				MTL_FAST_MATH = YES;
				ONLY_ACTIVE_ARCH = YES;
				SDKROOT = iphoneos;
				SWIFT_ACTIVE_COMPILATION_CONDITIONS = DEBUG;
				SWIFT_OPTIMIZATION_LEVEL = "-Onone";
			};
			name = Debug;
		};
		5E51001E222022A200306DBD /* Release */ = {
			isa = XCBuildConfiguration;
			buildSettings = {
				ALWAYS_SEARCH_USER_PATHS = NO;
				CLANG_ANALYZER_NONNULL = YES;
				CLANG_ANALYZER_NUMBER_OBJECT_CONVERSION = YES_AGGRESSIVE;
				CLANG_CXX_LANGUAGE_STANDARD = "gnu++14";
				CLANG_CXX_LIBRARY = "libc++";
				CLANG_ENABLE_MODULES = YES;
				CLANG_ENABLE_OBJC_ARC = YES;
				CLANG_ENABLE_OBJC_WEAK = YES;
				CLANG_WARN_BLOCK_CAPTURE_AUTORELEASING = YES;
				CLANG_WARN_BOOL_CONVERSION = YES;
				CLANG_WARN_COMMA = YES;
				CLANG_WARN_CONSTANT_CONVERSION = YES;
				CLANG_WARN_DEPRECATED_OBJC_IMPLEMENTATIONS = YES;
				CLANG_WARN_DIRECT_OBJC_ISA_USAGE = YES_ERROR;
				CLANG_WARN_DOCUMENTATION_COMMENTS = YES;
				CLANG_WARN_EMPTY_BODY = YES;
				CLANG_WARN_ENUM_CONVERSION = YES;
				CLANG_WARN_INFINITE_RECURSION = YES;
				CLANG_WARN_INT_CONVERSION = YES;
				CLANG_WARN_NON_LITERAL_NULL_CONVERSION = YES;
				CLANG_WARN_OBJC_IMPLICIT_RETAIN_SELF = YES;
				CLANG_WARN_OBJC_LITERAL_CONVERSION = YES;
				CLANG_WARN_OBJC_ROOT_CLASS = YES_ERROR;
				CLANG_WARN_RANGE_LOOP_ANALYSIS = YES;
				CLANG_WARN_STRICT_PROTOTYPES = YES;
				CLANG_WARN_SUSPICIOUS_MOVE = YES;
				CLANG_WARN_UNGUARDED_AVAILABILITY = YES_AGGRESSIVE;
				CLANG_WARN_UNREACHABLE_CODE = YES;
				CLANG_WARN__DUPLICATE_METHOD_MATCH = YES;
				CODE_SIGN_IDENTITY = "iPhone Developer";
				COPY_PHASE_STRIP = NO;
				DEBUG_INFORMATION_FORMAT = "dwarf-with-dsym";
				ENABLE_NS_ASSERTIONS = NO;
				ENABLE_STRICT_OBJC_MSGSEND = YES;
				GCC_C_LANGUAGE_STANDARD = gnu11;
				GCC_NO_COMMON_BLOCKS = YES;
				GCC_WARN_64_TO_32_BIT_CONVERSION = YES;
				GCC_WARN_ABOUT_RETURN_TYPE = YES_ERROR;
				GCC_WARN_UNDECLARED_SELECTOR = YES;
				GCC_WARN_UNINITIALIZED_AUTOS = YES_AGGRESSIVE;
				GCC_WARN_UNUSED_FUNCTION = YES;
				GCC_WARN_UNUSED_VARIABLE = YES;
				IPHONEOS_DEPLOYMENT_TARGET = 12.1;
				MTL_ENABLE_DEBUG_INFO = NO;
				MTL_FAST_MATH = YES;
				SDKROOT = iphoneos;
				SWIFT_COMPILATION_MODE = wholemodule;
				SWIFT_OPTIMIZATION_LEVEL = "-O";
				VALIDATE_PRODUCT = YES;
			};
			name = Release;
		};
		5E510020222022A200306DBD /* Debug */ = {
			isa = XCBuildConfiguration;
			buildSettings = {
				ASSETCATALOG_COMPILER_APPICON_NAME = AppIcon;
				CODE_SIGN_STYLE = Automatic;
				DEVELOPMENT_TEAM = 65MT56245H;
				INFOPLIST_FILE = LoginView/Info.plist;
				LD_RUNPATH_SEARCH_PATHS = (
					"$(inherited)",
					"@executable_path/Frameworks",
				);
				PRODUCT_BUNDLE_IDENTIFIER = com.daitensai.LoginView;
				PRODUCT_NAME = "$(TARGET_NAME)";
				SWIFT_VERSION = 4.2;
				TARGETED_DEVICE_FAMILY = "1,2";
			};
			name = Debug;
		};
		5E510021222022A200306DBD /* Release */ = {
			isa = XCBuildConfiguration;
			buildSettings = {
				ASSETCATALOG_COMPILER_APPICON_NAME = AppIcon;
				CODE_SIGN_STYLE = Automatic;
				DEVELOPMENT_TEAM = 65MT56245H;
				INFOPLIST_FILE = LoginView/Info.plist;
				LD_RUNPATH_SEARCH_PATHS = (
					"$(inherited)",
					"@executable_path/Frameworks",
				);
				PRODUCT_BUNDLE_IDENTIFIER = com.daitensai.LoginView;
				PRODUCT_NAME = "$(TARGET_NAME)";
				SWIFT_VERSION = 4.2;
				TARGETED_DEVICE_FAMILY = "1,2";
			};
			name = Release;
		};
		5E510023222022A200306DBD /* Debug */ = {
			isa = XCBuildConfiguration;
			buildSettings = {
				ALWAYS_EMBED_SWIFT_STANDARD_LIBRARIES = YES;
				BUNDLE_LOADER = "$(TEST_HOST)";
				CODE_SIGN_STYLE = Automatic;
				DEVELOPMENT_TEAM = 65MT56245H;
				INFOPLIST_FILE = LoginViewTests/Info.plist;
				LD_RUNPATH_SEARCH_PATHS = (
					"$(inherited)",
					"@executable_path/Frameworks",
					"@loader_path/Frameworks",
				);
				PRODUCT_BUNDLE_IDENTIFIER = com.daitensai.LoginViewTests;
				PRODUCT_NAME = "$(TARGET_NAME)";
				SWIFT_VERSION = 4.2;
				TARGETED_DEVICE_FAMILY = "1,2";
				TEST_HOST = "$(BUILT_PRODUCTS_DIR)/LoginView.app/LoginView";
			};
			name = Debug;
		};
		5E510024222022A200306DBD /* Release */ = {
			isa = XCBuildConfiguration;
			buildSettings = {
				ALWAYS_EMBED_SWIFT_STANDARD_LIBRARIES = YES;
				BUNDLE_LOADER = "$(TEST_HOST)";
				CODE_SIGN_STYLE = Automatic;
				DEVELOPMENT_TEAM = 65MT56245H;
				INFOPLIST_FILE = LoginViewTests/Info.plist;
				LD_RUNPATH_SEARCH_PATHS = (
					"$(inherited)",
					"@executable_path/Frameworks",
					"@loader_path/Frameworks",
				);
				PRODUCT_BUNDLE_IDENTIFIER = com.daitensai.LoginViewTests;
				PRODUCT_NAME = "$(TARGET_NAME)";
				SWIFT_VERSION = 4.2;
				TARGETED_DEVICE_FAMILY = "1,2";
				TEST_HOST = "$(BUILT_PRODUCTS_DIR)/LoginView.app/LoginView";
			};
			name = Release;
		};
/* End XCBuildConfiguration section */

/* Begin XCConfigurationList section */
		5E51001F222022A200306DBD /* Build configuration list for PBXNativeTarget "LoginView" */ = {
			isa = XCConfigurationList;
			buildConfigurations = (
				5E510020222022A200306DBD /* Debug */,
				5E510021222022A200306DBD /* Release */,
			);
			defaultConfigurationIsVisible = 0;
			defaultConfigurationName = Release;
		};
		5E510022222022A200306DBD /* Build configuration list for PBXNativeTarget "LoginViewTests" */ = {
			isa = XCConfigurationList;
			buildConfigurations = (
				5E510023222022A200306DBD /* Debug */,
				5E510024222022A200306DBD /* Release */,
			);
			defaultConfigurationIsVisible = 0;
			defaultConfigurationName = Release;
		};
		5E51FFFD2220229B00306DBD /* Build configuration list for PBXProject "LoginView" */ = {
			isa = XCConfigurationList;
			buildConfigurations = (
				5E51001D222022A200306DBD /* Debug */,
				5E51001E222022A200306DBD /* Release */,
			);
			defaultConfigurationIsVisible = 0;
			defaultConfigurationName = Release;
		};
/* End XCConfigurationList section */
	};
	rootObject = 5E51FFFA2220229B00306DBD /* Project object */;
}
